{
  "name": "colorgen",
  "requires": true,
  "lockfileVersion": 1,
  "dependencies": {
    "color-convert": {
      "version": "github:Ignigena/color-convert#2bfd28244cf29c49d767d76aa8f508551fa3a28e",
      "from": "github:Ignigena/color-convert#fix/precision",
      "requires": {
        "color-name": "~1.1.4"
      }
    },
    "color-diff": {
      "version": "1.2.0",
      "resolved": "https://registry.npmjs.org/color-diff/-/color-diff-1.2.0.tgz",
      "integrity": "sha512-FN7iLBCfb97ElJU2AQXbBAFXPbKmu0XJjPU9GWWmUkIbXka+Im8Q5w1geiL9GB+AktJ4pIA6nRZD1+TlEG6/rA=="
    },
    "color-name": {
      "version": "1.1.4",
      "resolved": "https://registry.npmjs.org/color-name/-/color-name-1.1.4.tgz",
      "integrity": "sha512-dOy+3AuW3a2wNbZHIuMZpTcgjGuLU/uBL/ubcZF9OXbDo8ff4O8yVp5Bf0efS8uEoYo5q4Fx7dY9OgQGXgAsQA=="
    },
    "material-color-tool": {
      "version": "1.1.0",
      "resolved": "https://registry.npmjs.org/material-color-tool/-/material-color-tool-1.1.0.tgz",
      "integrity": "sha512-iIt+KFvf1i1roJRfwHYLj2ZErrqbB3xRwwDLsOAinfPPZ3RXLLYrFmYqng7p9yaONTLH6pB6Zd9uFVrhVtt6uw==",
      "requires": {
        "color-convert": "github:Ignigena/color-convert#fix/precision",
        "color-diff": "^1.1.0"
      }
    }
  }
}
